{
  "version": 4,
  "terraform_version": "1.9.8",
  "serial": 29,
  "lineage": "43698c97-47b4-4cd8-c592-bb1fac4e0b93",
  "outputs": {},
  "resources": [
    {
      "mode": "managed",
      "type": "aws_vpc",
      "name": "TMMC-Australia",
      "provider": "provider[\"registry.terraform.io/hashicorp/aws\"].Australia",
      "instances": [
        {
          "schema_version": 1,
          "attributes": {
            "arn": "arn:aws:ec2:ap-southeast-2:537124963258:vpc/vpc-0fbaba16464d47bbd",
            "assign_generated_ipv6_cidr_block": false,
            "cidr_block": "10.85.0.0/16",
            "default_network_acl_id": "acl-0789539f27472826a",
            "default_route_table_id": "rtb-07618acb84d848b02",
            "default_security_group_id": "sg-0469c917bf9e5e30d",
            "dhcp_options_id": "dopt-0a4642e7fcdf19885",
            "enable_classiclink": false,
            "enable_classiclink_dns_support": false,
            "enable_dns_hostnames": false,
            "enable_dns_support": true,
            "id": "vpc-0fbaba16464d47bbd",
            "instance_tenancy": "default",
            "ipv4_ipam_pool_id": null,
            "ipv4_netmask_length": null,
            "ipv6_association_id": "",
            "ipv6_cidr_block": "",
            "ipv6_cidr_block_network_border_group": "",
            "ipv6_ipam_pool_id": "",
            "ipv6_netmask_length": 0,
            "main_route_table_id": "rtb-07618acb84d848b02",
            "owner_id": "537124963258",
            "tags": {
              "Name": "TMMC-Australia",
              "Owner": "Hungry-Wolves",
              "Planet": "Earth",
              "Service": "J-Teledoctor"
            },
            "tags_all": {
              "Name": "TMMC-Australia",
              "Owner": "Hungry-Wolves",
              "Planet": "Earth",
              "Service": "J-Teledoctor"
            }
          },
          "sensitive_attributes": [],
          "private": "eyJzY2hlbWFfdmVyc2lvbiI6IjEifQ=="
        }
      ]
    },
    {
      "mode": "managed",
      "type": "aws_vpc",
      "name": "TMMC-California",
      "provider": "provider[\"registry.terraform.io/hashicorp/aws\"].California",
      "instances": [
        {
          "schema_version": 1,
          "attributes": {
            "arn": "arn:aws:ec2:us-west-2:537124963258:vpc/vpc-04174f8121389da7b",
            "assign_generated_ipv6_cidr_block": false,
            "cidr_block": "10.84.0.0/16",
            "default_network_acl_id": "acl-05ed88e5cc30127a9",
            "default_route_table_id": "rtb-06b2b89d6a042b63e",
            "default_security_group_id": "sg-0fb4d2db83522a8fc",
            "dhcp_options_id": "dopt-0264fb6a785f45cc9",
            "enable_classiclink": false,
            "enable_classiclink_dns_support": false,
            "enable_dns_hostnames": false,
            "enable_dns_support": true,
            "id": "vpc-04174f8121389da7b",
            "instance_tenancy": "default",
            "ipv4_ipam_pool_id": null,
            "ipv4_netmask_length": null,
            "ipv6_association_id": "",
            "ipv6_cidr_block": "",
            "ipv6_cidr_block_network_border_group": "",
            "ipv6_ipam_pool_id": "",
            "ipv6_netmask_length": 0,
            "main_route_table_id": "rtb-06b2b89d6a042b63e",
            "owner_id": "537124963258",
            "tags": {
              "Name": "TMMC-California",
              "Owner": "Hungry-Wolves",
              "Planet": "Earth",
              "Service": "J-Teledoctor"
            },
            "tags_all": {
              "Name": "TMMC-California",
              "Owner": "Hungry-Wolves",
              "Planet": "Earth",
              "Service": "J-Teledoctor"
            }
          },
          "sensitive_attributes": [],
          "private": "eyJzY2hlbWFfdmVyc2lvbiI6IjEifQ=="
        }
      ]
    },
    {
      "mode": "managed",
      "type": "aws_vpc",
      "name": "TMMC-Hong-Kong",
      "provider": "provider[\"registry.terraform.io/hashicorp/aws\"].Hong-Kong",
      "instances": [
        {
          "schema_version": 1,
          "attributes": {
            "arn": "arn:aws:ec2:ap-east-1:537124963258:vpc/vpc-0965780de5f4ad1d2",
            "assign_generated_ipv6_cidr_block": false,
            "cidr_block": "10.81.0.0/16",
            "default_network_acl_id": "acl-05d31d7d814b4d6d2",
            "default_route_table_id": "rtb-015dd3209347db3c1",
            "default_security_group_id": "sg-06abab92ffe119910",
            "dhcp_options_id": "dopt-0f7471b4d1a98d91f",
            "enable_classiclink": false,
            "enable_classiclink_dns_support": false,
            "enable_dns_hostnames": false,
            "enable_dns_support": true,
            "id": "vpc-0965780de5f4ad1d2",
            "instance_tenancy": "default",
            "ipv4_ipam_pool_id": null,
            "ipv4_netmask_length": null,
            "ipv6_association_id": "",
            "ipv6_cidr_block": "",
            "ipv6_cidr_block_network_border_group": "",
            "ipv6_ipam_pool_id": "",
            "ipv6_netmask_length": 0,
            "main_route_table_id": "rtb-015dd3209347db3c1",
            "owner_id": "537124963258",
            "tags": {
              "Name": "TMMC-Hong-Kong",
              "Owner": "Hungry-Wolves",
              "Planet": "Earth",
              "Service": "J-Teledoctor"
            },
            "tags_all": {
              "Name": "TMMC-Hong-Kong",
              "Owner": "Hungry-Wolves",
              "Planet": "Earth",
              "Service": "J-Teledoctor"
            }
          },
          "sensitive_attributes": [],
          "private": "eyJzY2hlbWFfdmVyc2lvbiI6IjEifQ=="
        }
      ]
    },
    {
      "mode": "managed",
      "type": "aws_vpc",
      "name": "TMMC-London",
      "provider": "provider[\"registry.terraform.io/hashicorp/aws\"].London",
      "instances": [
        {
          "schema_version": 1,
          "attributes": {
            "arn": "arn:aws:ec2:eu-west-2:537124963258:vpc/vpc-09b1045a9717017f8",
            "assign_generated_ipv6_cidr_block": false,
            "cidr_block": "10.82.0.0/16",
            "default_network_acl_id": "acl-094a8ae3fab27a9ce",
            "default_route_table_id": "rtb-0df2a8d2374ee91a6",
            "default_security_group_id": "sg-0e5194186260d27b2",
            "dhcp_options_id": "dopt-02fb1f287fec86c26",
            "enable_classiclink": false,
            "enable_classiclink_dns_support": false,
            "enable_dns_hostnames": false,
            "enable_dns_support": true,
            "id": "vpc-09b1045a9717017f8",
            "instance_tenancy": "default",
            "ipv4_ipam_pool_id": null,
            "ipv4_netmask_length": null,
            "ipv6_association_id": "",
            "ipv6_cidr_block": "",
            "ipv6_cidr_block_network_border_group": "",
            "ipv6_ipam_pool_id": "",
            "ipv6_netmask_length": 0,
            "main_route_table_id": "rtb-0df2a8d2374ee91a6",
            "owner_id": "537124963258",
            "tags": {
              "Name": "TMMC-London",
              "Owner": "Hungry-Wolves",
              "Planet": "Earth",
              "Service": "J-Teledoctor"
            },
            "tags_all": {
              "Name": "TMMC-London",
              "Owner": "Hungry-Wolves",
              "Planet": "Earth",
              "Service": "J-Teledoctor"
            }
          },
          "sensitive_attributes": [],
          "private": "eyJzY2hlbWFfdmVyc2lvbiI6IjEifQ=="
        }
      ]
    },
    {
      "mode": "managed",
      "type": "aws_vpc",
      "name": "TMMC-New-York",
      "provider": "provider[\"registry.terraform.io/hashicorp/aws\"].New-York",
      "instances": [
        {
          "schema_version": 1,
          "attributes": {
            "arn": "arn:aws:ec2:us-east-1:537124963258:vpc/vpc-0531ac314d9c09d55",
            "assign_generated_ipv6_cidr_block": false,
            "cidr_block": "10.86.0.0/16",
            "default_network_acl_id": "acl-08a58ffb78cd8c3fc",
            "default_route_table_id": "rtb-019ed7417e8e580f6",
            "default_security_group_id": "sg-06757cba8d75dc73a",
            "dhcp_options_id": "dopt-0133b8ab40908882b",
            "enable_classiclink": false,
            "enable_classiclink_dns_support": false,
            "enable_dns_hostnames": false,
            "enable_dns_support": true,
            "id": "vpc-0531ac314d9c09d55",
            "instance_tenancy": "default",
            "ipv4_ipam_pool_id": null,
            "ipv4_netmask_length": null,
            "ipv6_association_id": "",
            "ipv6_cidr_block": "",
            "ipv6_cidr_block_network_border_group": "",
            "ipv6_ipam_pool_id": "",
            "ipv6_netmask_length": 0,
            "main_route_table_id": "rtb-019ed7417e8e580f6",
            "owner_id": "537124963258",
            "tags": {
              "Name": "TMMC-New-York",
              "Owner": "Hungry-Wolves",
              "Planet": "Earth",
              "Service": "J-Teledoctor"
            },
            "tags_all": {
              "Name": "TMMC-New-York",
              "Owner": "Hungry-Wolves",
              "Planet": "Earth",
              "Service": "J-Teledoctor"
            }
          },
          "sensitive_attributes": [],
          "private": "eyJzY2hlbWFfdmVyc2lvbiI6IjEifQ=="
        }
      ]
    },
    {
      "mode": "managed",
      "type": "aws_vpc",
      "name": "TMMC-Sao-Paulo",
      "provider": "provider[\"registry.terraform.io/hashicorp/aws\"].Sao-Paulo",
      "instances": [
        {
          "schema_version": 1,
          "attributes": {
            "arn": "arn:aws:ec2:sa-east-1:537124963258:vpc/vpc-0c597b4f8273001e8",
            "assign_generated_ipv6_cidr_block": false,
            "cidr_block": "10.83.0.0/16",
            "default_network_acl_id": "acl-0fae0690fa1f41ad9",
            "default_route_table_id": "rtb-03283d38953759976",
            "default_security_group_id": "sg-07d2abe04b995f5a3",
            "dhcp_options_id": "dopt-04eebd80af8dcba3d",
            "enable_classiclink": false,
            "enable_classiclink_dns_support": false,
            "enable_dns_hostnames": false,
            "enable_dns_support": true,
            "id": "vpc-0c597b4f8273001e8",
            "instance_tenancy": "default",
            "ipv4_ipam_pool_id": null,
            "ipv4_netmask_length": null,
            "ipv6_association_id": "",
            "ipv6_cidr_block": "",
            "ipv6_cidr_block_network_border_group": "",
            "ipv6_ipam_pool_id": "",
            "ipv6_netmask_length": 0,
            "main_route_table_id": "rtb-03283d38953759976",
            "owner_id": "537124963258",
            "tags": {
              "Name": "TMMC-Sao-Paulo",
              "Owner": "Hungry-Wolves",
              "Planet": "Earth",
              "Service": "J-Teledoctor"
            },
            "tags_all": {
              "Name": "TMMC-Sao-Paulo",
              "Owner": "Hungry-Wolves",
              "Planet": "Earth",
              "Service": "J-Teledoctor"
            }
          },
          "sensitive_attributes": [],
          "private": "eyJzY2hlbWFfdmVyc2lvbiI6IjEifQ=="
        }
      ]
    },
    {
      "mode": "managed",
      "type": "aws_vpc",
      "name": "TMMC-Tokyo",
      "provider": "provider[\"registry.terraform.io/hashicorp/aws\"].Tokyo",
      "instances": [
        {
          "schema_version": 1,
          "attributes": {
            "arn": "arn:aws:ec2:ap-northeast-1:537124963258:vpc/vpc-0189ca49691bc0a00",
            "assign_generated_ipv6_cidr_block": false,
            "cidr_block": "10.80.0.0/16",
            "default_network_acl_id": "acl-0b77fa0206148e508",
            "default_route_table_id": "rtb-0db233e3c6e19aa54",
            "default_security_group_id": "sg-04c9fe8afb1e5636a",
            "dhcp_options_id": "dopt-0cf39270b5a9f0dcd",
            "enable_classiclink": false,
            "enable_classiclink_dns_support": false,
            "enable_dns_hostnames": false,
            "enable_dns_support": true,
            "id": "vpc-0189ca49691bc0a00",
            "instance_tenancy": "default",
            "ipv4_ipam_pool_id": null,
            "ipv4_netmask_length": null,
            "ipv6_association_id": "",
            "ipv6_cidr_block": "",
            "ipv6_cidr_block_network_border_group": "",
            "ipv6_ipam_pool_id": "",
            "ipv6_netmask_length": 0,
            "main_route_table_id": "rtb-0db233e3c6e19aa54",
            "owner_id": "537124963258",
            "tags": {
              "Name": "TMMC-Tokyo",
              "Owner": "Hungry-Wolves",
              "Planet": "Earth",
              "Service": "J-Teledoctor"
            },
            "tags_all": {
              "Name": "TMMC-Tokyo",
              "Owner": "Hungry-Wolves",
              "Planet": "Earth",
              "Service": "J-Teledoctor"
            }
          },
          "sensitive_attributes": [],
          "private": "eyJzY2hlbWFfdmVyc2lvbiI6IjEifQ=="
        }
      ]
    }
  ],
  "check_results": null
}
